
Microsoft Visual Studio Solution File, Format Version 12.00
# Visual Studio Version 17
VisualStudioVersion = 17.0.31919.166
MinimumVisualStudioVersion = 10.0.40219.1
Project("{9A19103F-16F7-4668-BE54-9A1E7A4F7556}") = "EnglishTeacher.Api", "EnglishTeacher.Api\EnglishTeacher.Api.csproj", "{806B233A-A5B6-4992-8BBD-1865BE896DA3}"
EndProject
Project("{9A19103F-16F7-4668-BE54-9A1E7A4F7556}") = "EnglishTeacher.Persistance", "EnglishTeacher.Persistance\EnglishTeacher.Persistance.csproj", "{5E08AF54-2C8A-4C96-AE3B-E12FA31BE500}"
EndProject
Project("{9A19103F-16F7-4668-BE54-9A1E7A4F7556}") = "EnglishTeacher.Infrastructure", "EnglishTeacher.Infrastructure\EnglishTeacher.Infrastructure.csproj", "{9CA590E0-A800-4202-B5C6-0502D035852D}"
EndProject
Project("{9A19103F-16F7-4668-BE54-9A1E7A4F7556}") = "EnglishTeacher.Domain", "EnglishTeacher.Domain\EnglishTeacher.Domain.csproj", "{0A0FEE2D-32EB-4114-96F9-2A13677EF8EC}"
EndProject
Project("{9A19103F-16F7-4668-BE54-9A1E7A4F7556}") = "EnglishTeacher.Application", "EnglishTeacher.Application\EnglishTeacher.Application.csproj", "{EDDC7109-CAB0-4DBD-B114-4552ACB44077}"
EndProject
Project("{9A19103F-16F7-4668-BE54-9A1E7A4F7556}") = "EnglishTeacher.Common", "EnglishTeacher.Common\EnglishTeacher.Common.csproj", "{156A17B2-78B7-495F-B2E7-598D150E8B56}"
EndProject
Project("{2150E333-8FDC-42A3-9474-1A3956D46DE8}") = "Tests", "Tests", "{8073C7C1-B5EA-47FF-A661-2686FB2A30D4}"
EndProject
Project("{9A19103F-16F7-4668-BE54-9A1E7A4F7556}") = "Application.UnitTests", "Application.UnitTests\Application.UnitTests.csproj", "{E9215A17-8F5A-4E26-85AF-E09603E57D06}"
EndProject
Project("{2150E333-8FDC-42A3-9474-1A3956D46DE8}") = "Core", "Core", "{71ABE8C9-2EE4-401F-ADC0-B249019DE975}"
EndProject
Project("{2150E333-8FDC-42A3-9474-1A3956D46DE8}") = "Presentation", "Presentation", "{AEF0E18B-6B6F-400B-81FA-5D5BC69BF72E}"
EndProject
Project("{2150E333-8FDC-42A3-9474-1A3956D46DE8}") = "Infrastructure", "Infrastructure", "{D601266E-1D1C-4950-868F-B3C72D897085}"
EndProject
Project("{9A19103F-16F7-4668-BE54-9A1E7A4F7556}") = "WebApi.IntegrationTests", "WebApi.IntegrationTests\WebApi.IntegrationTests.csproj", "{2AC5D1BB-1153-46D4-B520-42D2BF6007DF}"
EndProject
Project("{9A19103F-16F7-4668-BE54-9A1E7A4F7556}") = "EnglishTeacher.Client", "EnglishTeacher\Client\EnglishTeacher.Client.csproj", "{6D551F4A-EA87-48E1-AD34-34FBC87823B4}"
EndProject
Project("{9A19103F-16F7-4668-BE54-9A1E7A4F7556}") = "EnglishTeacher.Server", "EnglishTeacher\Server\EnglishTeacher.Server.csproj", "{C828586B-9700-41E3-8ACC-52324F01AB65}"
EndProject
Project("{9A19103F-16F7-4668-BE54-9A1E7A4F7556}") = "EnglishTeacher.Shared", "EnglishTeacher\Shared\EnglishTeacher.Shared.csproj", "{12F3044E-EB0C-4D7B-9935-0193C0562DAB}"
EndProject
Global
	GlobalSection(SolutionConfigurationPlatforms) = preSolution
		Debug|Any CPU = Debug|Any CPU
		Release|Any CPU = Release|Any CPU
	EndGlobalSection
	GlobalSection(ProjectConfigurationPlatforms) = postSolution
		{806B233A-A5B6-4992-8BBD-1865BE896DA3}.Debug|Any CPU.ActiveCfg = Debug|Any CPU
		{806B233A-A5B6-4992-8BBD-1865BE896DA3}.Debug|Any CPU.Build.0 = Debug|Any CPU
		{806B233A-A5B6-4992-8BBD-1865BE896DA3}.Release|Any CPU.ActiveCfg = Release|Any CPU
		{806B233A-A5B6-4992-8BBD-1865BE896DA3}.Release|Any CPU.Build.0 = Release|Any CPU
		{5E08AF54-2C8A-4C96-AE3B-E12FA31BE500}.Debug|Any CPU.ActiveCfg = Debug|Any CPU
		{5E08AF54-2C8A-4C96-AE3B-E12FA31BE500}.Debug|Any CPU.Build.0 = Debug|Any CPU
		{5E08AF54-2C8A-4C96-AE3B-E12FA31BE500}.Release|Any CPU.ActiveCfg = Release|Any CPU
		{5E08AF54-2C8A-4C96-AE3B-E12FA31BE500}.Release|Any CPU.Build.0 = Release|Any CPU
		{9CA590E0-A800-4202-B5C6-0502D035852D}.Debug|Any CPU.ActiveCfg = Debug|Any CPU
		{9CA590E0-A800-4202-B5C6-0502D035852D}.Debug|Any CPU.Build.0 = Debug|Any CPU
		{9CA590E0-A800-4202-B5C6-0502D035852D}.Release|Any CPU.ActiveCfg = Release|Any CPU
		{9CA590E0-A800-4202-B5C6-0502D035852D}.Release|Any CPU.Build.0 = Release|Any CPU
		{0A0FEE2D-32EB-4114-96F9-2A13677EF8EC}.Debug|Any CPU.ActiveCfg = Debug|Any CPU
		{0A0FEE2D-32EB-4114-96F9-2A13677EF8EC}.Debug|Any CPU.Build.0 = Debug|Any CPU
		{0A0FEE2D-32EB-4114-96F9-2A13677EF8EC}.Release|Any CPU.ActiveCfg = Release|Any CPU
		{0A0FEE2D-32EB-4114-96F9-2A13677EF8EC}.Release|Any CPU.Build.0 = Release|Any CPU
		{EDDC7109-CAB0-4DBD-B114-4552ACB44077}.Debug|Any CPU.ActiveCfg = Debug|Any CPU
		{EDDC7109-CAB0-4DBD-B114-4552ACB44077}.Debug|Any CPU.Build.0 = Debug|Any CPU
		{EDDC7109-CAB0-4DBD-B114-4552ACB44077}.Release|Any CPU.ActiveCfg = Release|Any CPU
		{EDDC7109-CAB0-4DBD-B114-4552ACB44077}.Release|Any CPU.Build.0 = Release|Any CPU
		{156A17B2-78B7-495F-B2E7-598D150E8B56}.Debug|Any CPU.ActiveCfg = Debug|Any CPU
		{156A17B2-78B7-495F-B2E7-598D150E8B56}.Debug|Any CPU.Build.0 = Debug|Any CPU
		{156A17B2-78B7-495F-B2E7-598D150E8B56}.Release|Any CPU.ActiveCfg = Release|Any CPU
		{156A17B2-78B7-495F-B2E7-598D150E8B56}.Release|Any CPU.Build.0 = Release|Any CPU
		{E9215A17-8F5A-4E26-85AF-E09603E57D06}.Debug|Any CPU.ActiveCfg = Debug|Any CPU
		{E9215A17-8F5A-4E26-85AF-E09603E57D06}.Debug|Any CPU.Build.0 = Debug|Any CPU
		{E9215A17-8F5A-4E26-85AF-E09603E57D06}.Release|Any CPU.ActiveCfg = Release|Any CPU
		{E9215A17-8F5A-4E26-85AF-E09603E57D06}.Release|Any CPU.Build.0 = Release|Any CPU
		{2AC5D1BB-1153-46D4-B520-42D2BF6007DF}.Debug|Any CPU.ActiveCfg = Debug|Any CPU
		{2AC5D1BB-1153-46D4-B520-42D2BF6007DF}.Debug|Any CPU.Build.0 = Debug|Any CPU
		{2AC5D1BB-1153-46D4-B520-42D2BF6007DF}.Release|Any CPU.ActiveCfg = Release|Any CPU
		{2AC5D1BB-1153-46D4-B520-42D2BF6007DF}.Release|Any CPU.Build.0 = Release|Any CPU
		{6D551F4A-EA87-48E1-AD34-34FBC87823B4}.Debug|Any CPU.ActiveCfg = Debug|Any CPU
		{6D551F4A-EA87-48E1-AD34-34FBC87823B4}.Debug|Any CPU.Build.0 = Debug|Any CPU
		{6D551F4A-EA87-48E1-AD34-34FBC87823B4}.Release|Any CPU.ActiveCfg = Release|Any CPU
		{6D551F4A-EA87-48E1-AD34-34FBC87823B4}.Release|Any CPU.Build.0 = Release|Any CPU
		{C828586B-9700-41E3-8ACC-52324F01AB65}.Debug|Any CPU.ActiveCfg = Debug|Any CPU
		{C828586B-9700-41E3-8ACC-52324F01AB65}.Debug|Any CPU.Build.0 = Debug|Any CPU
		{C828586B-9700-41E3-8ACC-52324F01AB65}.Release|Any CPU.ActiveCfg = Release|Any CPU
		{C828586B-9700-41E3-8ACC-52324F01AB65}.Release|Any CPU.Build.0 = Release|Any CPU
		{12F3044E-EB0C-4D7B-9935-0193C0562DAB}.Debug|Any CPU.ActiveCfg = Debug|Any CPU
		{12F3044E-EB0C-4D7B-9935-0193C0562DAB}.Debug|Any CPU.Build.0 = Debug|Any CPU
		{12F3044E-EB0C-4D7B-9935-0193C0562DAB}.Release|Any CPU.ActiveCfg = Release|Any CPU
		{12F3044E-EB0C-4D7B-9935-0193C0562DAB}.Release|Any CPU.Build.0 = Release|Any CPU
	EndGlobalSection
	GlobalSection(SolutionProperties) = preSolution
		HideSolutionNode = FALSE
	EndGlobalSection
	GlobalSection(NestedProjects) = preSolution
		{806B233A-A5B6-4992-8BBD-1865BE896DA3} = {AEF0E18B-6B6F-400B-81FA-5D5BC69BF72E}
		{5E08AF54-2C8A-4C96-AE3B-E12FA31BE500} = {71ABE8C9-2EE4-401F-ADC0-B249019DE975}
		{9CA590E0-A800-4202-B5C6-0502D035852D} = {D601266E-1D1C-4950-868F-B3C72D897085}
		{0A0FEE2D-32EB-4114-96F9-2A13677EF8EC} = {71ABE8C9-2EE4-401F-ADC0-B249019DE975}
		{EDDC7109-CAB0-4DBD-B114-4552ACB44077} = {71ABE8C9-2EE4-401F-ADC0-B249019DE975}
		{E9215A17-8F5A-4E26-85AF-E09603E57D06} = {8073C7C1-B5EA-47FF-A661-2686FB2A30D4}
		{2AC5D1BB-1153-46D4-B520-42D2BF6007DF} = {8073C7C1-B5EA-47FF-A661-2686FB2A30D4}
		{6D551F4A-EA87-48E1-AD34-34FBC87823B4} = {AEF0E18B-6B6F-400B-81FA-5D5BC69BF72E}
		{C828586B-9700-41E3-8ACC-52324F01AB65} = {AEF0E18B-6B6F-400B-81FA-5D5BC69BF72E}
		{12F3044E-EB0C-4D7B-9935-0193C0562DAB} = {AEF0E18B-6B6F-400B-81FA-5D5BC69BF72E}
	EndGlobalSection
	GlobalSection(ExtensibilityGlobals) = postSolution
		SolutionGuid = {19094A9D-34AA-4F60-BB4D-148ADCC55B35}
	EndGlobalSection
EndGlobal
